
Microsoft Visual Studio Solution File, Format Version 12.00
# Visual Studio 15
VisualStudioVersion = 15.0.27703.2042
MinimumVisualStudioVersion = 10.0.40219.1
Project("{9A19103F-16F7-4668-BE54-9A1E7A4F7556}") = "Wolf.Core.Web", "Wolf.Core.Web\Wolf.Core.Web.csproj", "{9CB7D9AB-D7FC-454C-98EE-52C830ABEFE0}"
EndProject
Project("{E53339B2-1760-4266-BCC7-CA923CBCF16C}") = "docker-compose", "docker-compose.dcproj", "{F9105B4C-ED17-4A15-9E29-6D11D3C593D2}"
EndProject
Global
	GlobalSection(SolutionConfigurationPlatforms) = preSolution
		Debug|Any CPU = Debug|Any CPU
		Release|Any CPU = Release|Any CPU
	EndGlobalSection
	GlobalSection(ProjectConfigurationPlatforms) = postSolution
		{9CB7D9AB-D7FC-454C-98EE-52C830ABEFE0}.Debug|Any CPU.ActiveCfg = Debug|Any CPU
		{9CB7D9AB-D7FC-454C-98EE-52C830ABEFE0}.Debug|Any CPU.Build.0 = Debug|Any CPU
		{9CB7D9AB-D7FC-454C-98EE-52C830ABEFE0}.Release|Any CPU.ActiveCfg = Release|Any CPU
		{9CB7D9AB-D7FC-454C-98EE-52C830ABEFE0}.Release|Any CPU.Build.0 = Release|Any CPU
		{F9105B4C-ED17-4A15-9E29-6D11D3C593D2}.Debug|Any CPU.ActiveCfg = Debug|Any CPU
		{F9105B4C-ED17-4A15-9E29-6D11D3C593D2}.Debug|Any CPU.Build.0 = Debug|Any CPU
		{F9105B4C-ED17-4A15-9E29-6D11D3C593D2}.Release|Any CPU.ActiveCfg = Release|Any CPU
		{F9105B4C-ED17-4A15-9E29-6D11D3C593D2}.Release|Any CPU.Build.0 = Release|Any CPU
	EndGlobalSection
	GlobalSection(SolutionProperties) = preSolution
		HideSolutionNode = FALSE
	EndGlobalSection
	GlobalSection(ExtensibilityGlobals) = postSolution
		SolutionGuid = {1C00A7B5-9464-4326-AAED-2EF7B7C3F3BB}
	EndGlobalSection
EndGlobal
